// !$*UTF8*$!
{
	archiveVersion = 1;
	classes = {
	};
	objectVersion = 51;
	objects = {

/* Begin PBXBuildFile section */
		952C8835249493EF00777BAF /* AppDelegate.swift in Sources */ = {isa = PBXBuildFile; fileRef = 952C8834249493EF00777BAF /* AppDelegate.swift */; };
		952C8839249493EF00777BAF /* MainViewController.swift in Sources */ = {isa = PBXBuildFile; fileRef = 952C8838249493EF00777BAF /* MainViewController.swift */; };
		952C883E249493F300777BAF /* Assets.xcassets in Resources */ = {isa = PBXBuildFile; fileRef = 952C883D249493F300777BAF /* Assets.xcassets */; };
		952C8841249493F300777BAF /* LaunchScreen.storyboard in Resources */ = {isa = PBXBuildFile; fileRef = 952C883F249493F300777BAF /* LaunchScreen.storyboard */; };
		952C8865249497AF00777BAF /* MainView.swift in Sources */ = {isa = PBXBuildFile; fileRef = 952C8864249497AF00777BAF /* MainView.swift */; };
		952C88672494DA9600777BAF /* ArticleController.swift in Sources */ = {isa = PBXBuildFile; fileRef = 952C88662494DA9500777BAF /* ArticleController.swift */; };
		952C88692494E2CA00777BAF /* LargeArticleCell.swift in Sources */ = {isa = PBXBuildFile; fileRef = 952C88682494E2CA00777BAF /* LargeArticleCell.swift */; };
		952C886B2494E59D00777BAF /* SectionView.swift in Sources */ = {isa = PBXBuildFile; fileRef = 952C886A2494E59D00777BAF /* SectionView.swift */; };
		952C886D249523F500777BAF /* ArticleCell.swift in Sources */ = {isa = PBXBuildFile; fileRef = 952C886C249523F500777BAF /* ArticleCell.swift */; };
		F4A862AC08401589532C7869 /* Pods_FutureTechBlogReader.framework in Frameworks */ = {isa = PBXBuildFile; fileRef = 2BEBBAD649A8E85D7AA13FA9 /* Pods_FutureTechBlogReader.framework */; };
/* End PBXBuildFile section */

/* Begin PBXFileReference section */
		2BEBBAD649A8E85D7AA13FA9 /* Pods_FutureTechBlogReader.framework */ = {isa = PBXFileReference; explicitFileType = wrapper.framework; includeInIndex = 0; path = Pods_FutureTechBlogReader.framework; sourceTree = BUILT_PRODUCTS_DIR; };
		407F8050D338377662EF62AE /* Pods-TechnicalBookStoreTests.debug.xcconfig */ = {isa = PBXFileReference; includeInIndex = 1; lastKnownFileType = text.xcconfig; name = "Pods-TechnicalBookStoreTests.debug.xcconfig"; path = "Target Support Files/Pods-TechnicalBookStoreTests/Pods-TechnicalBookStoreTests.debug.xcconfig"; sourceTree = "<group>"; };
		524B2402E458EDB51D9B39D9 /* Pods-TechnicalBookStore-TechnicalBookStoreUITests.release.xcconfig */ = {isa = PBXFileReference; includeInIndex = 1; lastKnownFileType = text.xcconfig; name = "Pods-TechnicalBookStore-TechnicalBookStoreUITests.release.xcconfig"; path = "Target Support Files/Pods-TechnicalBookStore-TechnicalBookStoreUITests/Pods-TechnicalBookStore-TechnicalBookStoreUITests.release.xcconfig"; sourceTree = "<group>"; };
		603C2CA8E84E1BCF276B5567 /* Pods_TechnicalBookStoreTests.framework */ = {isa = PBXFileReference; explicitFileType = wrapper.framework; includeInIndex = 0; path = Pods_TechnicalBookStoreTests.framework; sourceTree = BUILT_PRODUCTS_DIR; };
		952C8831249493EF00777BAF /* FutureTechBlogReader.app */ = {isa = PBXFileReference; explicitFileType = wrapper.application; includeInIndex = 0; path = FutureTechBlogReader.app; sourceTree = BUILT_PRODUCTS_DIR; };
		952C8834249493EF00777BAF /* AppDelegate.swift */ = {isa = PBXFileReference; lastKnownFileType = sourcecode.swift; path = AppDelegate.swift; sourceTree = "<group>"; };
		952C8838249493EF00777BAF /* MainViewController.swift */ = {isa = PBXFileReference; lastKnownFileType = sourcecode.swift; path = MainViewController.swift; sourceTree = "<group>"; };
		952C883D249493F300777BAF /* Assets.xcassets */ = {isa = PBXFileReference; lastKnownFileType = folder.assetcatalog; path = Assets.xcassets; sourceTree = "<group>"; };
		952C8840249493F300777BAF /* Base */ = {isa = PBXFileReference; lastKnownFileType = file.storyboard; name = Base; path = Base.lproj/LaunchScreen.storyboard; sourceTree = "<group>"; };
		952C8842249493F300777BAF /* Info.plist */ = {isa = PBXFileReference; lastKnownFileType = text.plist.xml; path = Info.plist; sourceTree = "<group>"; };
		952C8864249497AF00777BAF /* MainView.swift */ = {isa = PBXFileReference; lastKnownFileType = sourcecode.swift; path = MainView.swift; sourceTree = "<group>"; };
		952C88662494DA9500777BAF /* ArticleController.swift */ = {isa = PBXFileReference; lastKnownFileType = sourcecode.swift; path = ArticleController.swift; sourceTree = "<group>"; };
		952C88682494E2CA00777BAF /* LargeArticleCell.swift */ = {isa = PBXFileReference; lastKnownFileType = sourcecode.swift; path = LargeArticleCell.swift; sourceTree = "<group>"; };
		952C886A2494E59D00777BAF /* SectionView.swift */ = {isa = PBXFileReference; lastKnownFileType = sourcecode.swift; path = SectionView.swift; sourceTree = "<group>"; };
		952C886C249523F500777BAF /* ArticleCell.swift */ = {isa = PBXFileReference; lastKnownFileType = sourcecode.swift; path = ArticleCell.swift; sourceTree = "<group>"; };
		A1B6A65B1284740DFA859805 /* Pods-TechnicalBookStore.release.xcconfig */ = {isa = PBXFileReference; includeInIndex = 1; lastKnownFileType = text.xcconfig; name = "Pods-TechnicalBookStore.release.xcconfig"; path = "Target Support Files/Pods-TechnicalBookStore/Pods-TechnicalBookStore.release.xcconfig"; sourceTree = "<group>"; };
		B7F21198AA7ECC982A3EFA21 /* Pods-TechnicalBookStore-TechnicalBookStoreUITests.debug.xcconfig */ = {isa = PBXFileReference; includeInIndex = 1; lastKnownFileType = text.xcconfig; name = "Pods-TechnicalBookStore-TechnicalBookStoreUITests.debug.xcconfig"; path = "Target Support Files/Pods-TechnicalBookStore-TechnicalBookStoreUITests/Pods-TechnicalBookStore-TechnicalBookStoreUITests.debug.xcconfig"; sourceTree = "<group>"; };
		C9827470B9EE98477CB3B556 /* Pods-FutureTechBlogReader.debug.xcconfig */ = {isa = PBXFileReference; includeInIndex = 1; lastKnownFileType = text.xcconfig; name = "Pods-FutureTechBlogReader.debug.xcconfig"; path = "Target Support Files/Pods-FutureTechBlogReader/Pods-FutureTechBlogReader.debug.xcconfig"; sourceTree = "<group>"; };
		CBC5C007F0DD304E64E256EA /* Pods-TechnicalBookStoreTests.release.xcconfig */ = {isa = PBXFileReference; includeInIndex = 1; lastKnownFileType = text.xcconfig; name = "Pods-TechnicalBookStoreTests.release.xcconfig"; path = "Target Support Files/Pods-TechnicalBookStoreTests/Pods-TechnicalBookStoreTests.release.xcconfig"; sourceTree = "<group>"; };
		CC5331E1E4BBC7ABDA60FBB9 /* Pods-FutureTechBlogReader.release.xcconfig */ = {isa = PBXFileReference; includeInIndex = 1; lastKnownFileType = text.xcconfig; name = "Pods-FutureTechBlogReader.release.xcconfig"; path = "Target Support Files/Pods-FutureTechBlogReader/Pods-FutureTechBlogReader.release.xcconfig"; sourceTree = "<group>"; };
		D3453A6E5E1031C3FDFA5E9E /* Pods_TechnicalBookStore_TechnicalBookStoreUITests.framework */ = {isa = PBXFileReference; explicitFileType = wrapper.framework; includeInIndex = 0; path = Pods_TechnicalBookStore_TechnicalBookStoreUITests.framework; sourceTree = BUILT_PRODUCTS_DIR; };
		F7AC1715F06E58C4F24E0D59 /* Pods-TechnicalBookStore.debug.xcconfig */ = {isa = PBXFileReference; includeInIndex = 1; lastKnownFileType = text.xcconfig; name = "Pods-TechnicalBookStore.debug.xcconfig"; path = "Target Support Files/Pods-TechnicalBookStore/Pods-TechnicalBookStore.debug.xcconfig"; sourceTree = "<group>"; };
/* End PBXFileReference section */

/* Begin PBXFrameworksBuildPhase section */
		952C882E249493EF00777BAF /* Frameworks */ = {
			isa = PBXFrameworksBuildPhase;
			buildActionMask = 2147483647;
			files = (
				F4A862AC08401589532C7869 /* Pods_FutureTechBlogReader.framework in Frameworks */,
			);
			runOnlyForDeploymentPostprocessing = 0;
		};
/* End PBXFrameworksBuildPhase section */

/* Begin PBXGroup section */
		382DD6E2CA5427B4E77AFD62 /* Frameworks */ = {
			isa = PBXGroup;
			children = (
				D3453A6E5E1031C3FDFA5E9E /* Pods_TechnicalBookStore_TechnicalBookStoreUITests.framework */,
				603C2CA8E84E1BCF276B5567 /* Pods_TechnicalBookStoreTests.framework */,
				2BEBBAD649A8E85D7AA13FA9 /* Pods_FutureTechBlogReader.framework */,
			);
			name = Frameworks;
			sourceTree = "<group>";
		};
		952C8828249493EF00777BAF = {
			isa = PBXGroup;
			children = (
				952C8833249493EF00777BAF /* FutureTechBlogReader */,
				952C8832249493EF00777BAF /* Products */,
				B4BF631E0BA39887A4E5C93B /* Pods */,
				382DD6E2CA5427B4E77AFD62 /* Frameworks */,
			);
			sourceTree = "<group>";
		};
		952C8832249493EF00777BAF /* Products */ = {
			isa = PBXGroup;
			children = (
				952C8831249493EF00777BAF /* FutureTechBlogReader.app */,
			);
			name = Products;
			sourceTree = "<group>";
		};
		952C8833249493EF00777BAF /* FutureTechBlogReader */ = {
			isa = PBXGroup;
			children = (
				952C8834249493EF00777BAF /* AppDelegate.swift */,
				952C8838249493EF00777BAF /* MainViewController.swift */,
				952C8864249497AF00777BAF /* MainView.swift */,
				952C88662494DA9500777BAF /* ArticleController.swift */,
				952C886A2494E59D00777BAF /* SectionView.swift */,
				956162982495F0DD00034224 /* Cell */,
				952C883D249493F300777BAF /* Assets.xcassets */,
				952C883F249493F300777BAF /* LaunchScreen.storyboard */,
				952C8842249493F300777BAF /* Info.plist */,
			);
			path = FutureTechBlogReader;
			sourceTree = "<group>";
		};
		956162982495F0DD00034224 /* Cell */ = {
			isa = PBXGroup;
			children = (
				952C88682494E2CA00777BAF /* LargeArticleCell.swift */,
				952C886C249523F500777BAF /* ArticleCell.swift */,
			);
			path = Cell;
			sourceTree = "<group>";
		};
		B4BF631E0BA39887A4E5C93B /* Pods */ = {
			isa = PBXGroup;
			children = (
				F7AC1715F06E58C4F24E0D59 /* Pods-TechnicalBookStore.debug.xcconfig */,
				A1B6A65B1284740DFA859805 /* Pods-TechnicalBookStore.release.xcconfig */,
				B7F21198AA7ECC982A3EFA21 /* Pods-TechnicalBookStore-TechnicalBookStoreUITests.debug.xcconfig */,
				524B2402E458EDB51D9B39D9 /* Pods-TechnicalBookStore-TechnicalBookStoreUITests.release.xcconfig */,
				407F8050D338377662EF62AE /* Pods-TechnicalBookStoreTests.debug.xcconfig */,
				CBC5C007F0DD304E64E256EA /* Pods-TechnicalBookStoreTests.release.xcconfig */,
				C9827470B9EE98477CB3B556 /* Pods-FutureTechBlogReader.debug.xcconfig */,
				CC5331E1E4BBC7ABDA60FBB9 /* Pods-FutureTechBlogReader.release.xcconfig */,
			);
			path = Pods;
			sourceTree = "<group>";
		};
/* End PBXGroup section */

/* Begin PBXNativeTarget section */
		952C8830249493EF00777BAF /* FutureTechBlogReader */ = {
			isa = PBXNativeTarget;
			buildConfigurationList = 952C885B249493F400777BAF /* Build configuration list for PBXNativeTarget "FutureTechBlogReader" */;
			buildPhases = (
				231727F2D7A4E2C70C29DB0C /* [CP] Check Pods Manifest.lock */,
				952C882D249493EF00777BAF /* Sources */,
				952C882E249493EF00777BAF /* Frameworks */,
				952C882F249493EF00777BAF /* Resources */,
				2E6E95AA30C84E81E6DD425E /* [CP] Embed Pods Frameworks */,
			);
			buildRules = (
			);
			dependencies = (
			);
			name = FutureTechBlogReader;
			productName = TechnicalBookStore;
			productReference = 952C8831249493EF00777BAF /* FutureTechBlogReader.app */;
			productType = "com.apple.product-type.application";
		};
/* End PBXNativeTarget section */

/* Begin PBXProject section */
		952C8829249493EF00777BAF /* Project object */ = {
			isa = PBXProject;
			attributes = {
				LastSwiftUpdateCheck = 1140;
				LastUpgradeCheck = 1140;
				ORGANIZATIONNAME = "Tomohiro Fukuya";
				TargetAttributes = {
					952C8830249493EF00777BAF = {
						CreatedOnToolsVersion = 11.4.1;
					};
				};
			};
			buildConfigurationList = 952C882C249493EF00777BAF /* Build configuration list for PBXProject "FutureTechBlogReader" */;
			compatibilityVersion = "Xcode 9.3";
			developmentRegion = en;
			hasScannedForEncodings = 0;
			knownRegions = (
				en,
				Base,
			);
			mainGroup = 952C8828249493EF00777BAF;
			productRefGroup = 952C8832249493EF00777BAF /* Products */;
			projectDirPath = "";
			projectRoot = "";
			targets = (
				952C8830249493EF00777BAF /* FutureTechBlogReader */,
			);
		};
/* End PBXProject section */

/* Begin PBXResourcesBuildPhase section */
		952C882F249493EF00777BAF /* Resources */ = {
			isa = PBXResourcesBuildPhase;
			buildActionMask = 2147483647;
			files = (
				952C8841249493F300777BAF /* LaunchScreen.storyboard in Resources */,
				952C883E249493F300777BAF /* Assets.xcassets in Resources */,
			);
			runOnlyForDeploymentPostprocessing = 0;
		};
/* End PBXResourcesBuildPhase section */

/* Begin PBXShellScriptBuildPhase section */
		231727F2D7A4E2C70C29DB0C /* [CP] Check Pods Manifest.lock */ = {
			isa = PBXShellScriptBuildPhase;
			buildActionMask = 2147483647;
			files = (
			);
			inputFileListPaths = (
			);
			inputPaths = (
				"${PODS_PODFILE_DIR_PATH}/Podfile.lock",
				"${PODS_ROOT}/Manifest.lock",
			);
			name = "[CP] Check Pods Manifest.lock";
			outputFileListPaths = (
			);
			outputPaths = (
				"$(DERIVED_FILE_DIR)/Pods-FutureTechBlogReader-checkManifestLockResult.txt",
			);
			runOnlyForDeploymentPostprocessing = 0;
			shellPath = /bin/sh;
			shellScript = "diff \"${PODS_PODFILE_DIR_PATH}/Podfile.lock\" \"${PODS_ROOT}/Manifest.lock\" > /dev/null\nif [ $? != 0 ] ; then\n    # print error to STDERR\n    echo \"error: The sandbox is not in sync with the Podfile.lock. Run 'pod install' or update your CocoaPods installation.\" >&2\n    exit 1\nfi\n# This output is used by Xcode 'outputs' to avoid re-running this script phase.\necho \"SUCCESS\" > \"${SCRIPT_OUTPUT_FILE_0}\"\n";
			showEnvVarsInLog = 0;
		};
		2E6E95AA30C84E81E6DD425E /* [CP] Embed Pods Frameworks */ = {
			isa = PBXShellScriptBuildPhase;
			buildActionMask = 2147483647;
			files = (
			);
			inputFileListPaths = (
				"${PODS_ROOT}/Target Support Files/Pods-FutureTechBlogReader/Pods-FutureTechBlogReader-frameworks-${CONFIGURATION}-input-files.xcfilelist",
			);
			name = "[CP] Embed Pods Frameworks";
			outputFileListPaths = (
				"${PODS_ROOT}/Target Support Files/Pods-FutureTechBlogReader/Pods-FutureTechBlogReader-frameworks-${CONFIGURATION}-output-files.xcfilelist",
			);
			runOnlyForDeploymentPostprocessing = 0;
			shellPath = /bin/sh;
			shellScript = "\"${PODS_ROOT}/Target Support Files/Pods-FutureTechBlogReader/Pods-FutureTechBlogReader-frameworks.sh\"\n";
			showEnvVarsInLog = 0;
		};
/* End PBXShellScriptBuildPhase section */

/* Begin PBXSourcesBuildPhase section */
		952C882D249493EF00777BAF /* Sources */ = {
			isa = PBXSourcesBuildPhase;
			buildActionMask = 2147483647;
			files = (
				952C88672494DA9600777BAF /* ArticleController.swift in Sources */,
				952C8839249493EF00777BAF /* MainViewController.swift in Sources */,
				952C886B2494E59D00777BAF /* SectionView.swift in Sources */,
				952C8865249497AF00777BAF /* MainView.swift in Sources */,
				952C886D249523F500777BAF /* ArticleCell.swift in Sources */,
				952C88692494E2CA00777BAF /* LargeArticleCell.swift in Sources */,
				952C8835249493EF00777BAF /* AppDelegate.swift in Sources */,
			);
			runOnlyForDeploymentPostprocessing = 0;
		};
/* End PBXSourcesBuildPhase section */

/* Begin PBXVariantGroup section */
		952C883F249493F300777BAF /* LaunchScreen.storyboard */ = {
			isa = PBXVariantGroup;
			children = (
				952C8840249493F300777BAF /* Base */,
			);
			name = LaunchScreen.storyboard;
			sourceTree = "<group>";
		};
/* End PBXVariantGroup section */

/* Begin XCBuildConfiguration section */
		952C8859249493F400777BAF /* Debug */ = {
			isa = XCBuildConfiguration;
			buildSettings = {
				ALWAYS_SEARCH_USER_PATHS = NO;
				CLANG_ANALYZER_NONNULL = YES;
				CLANG_ANALYZER_NUMBER_OBJECT_CONVERSION = YES_AGGRESSIVE;
				CLANG_CXX_LANGUAGE_STANDARD = "gnu++14";
				CLANG_CXX_LIBRARY = "libc++";
				CLANG_ENABLE_MODULES = YES;
				CLANG_ENABLE_OBJC_ARC = YES;
				CLANG_ENABLE_OBJC_WEAK = YES;
				CLANG_WARN_BLOCK_CAPTURE_AUTORELEASING = YES;
				CLANG_WARN_BOOL_CONVERSION = YES;
				CLANG_WARN_COMMA = YES;
				CLANG_WARN_CONSTANT_CONVERSION = YES;
				CLANG_WARN_DEPRECATED_OBJC_IMPLEMENTATIONS = YES;
				CLANG_WARN_DIRECT_OBJC_ISA_USAGE = YES_ERROR;
				CLANG_WARN_DOCUMENTATION_COMMENTS = YES;
				CLANG_WARN_EMPTY_BODY = YES;
				CLANG_WARN_ENUM_CONVERSION = YES;
				CLANG_WARN_INFINITE_RECURSION = YES;
				CLANG_WARN_INT_CONVERSION = YES;
				CLANG_WARN_NON_LITERAL_NULL_CONVERSION = YES;
				CLANG_WARN_OBJC_IMPLICIT_RETAIN_SELF = YES;
				CLANG_WARN_OBJC_LITERAL_CONVERSION = YES;
				CLANG_WARN_OBJC_ROOT_CLASS = YES_ERROR;
				CLANG_WARN_RANGE_LOOP_ANALYSIS = YES;
				CLANG_WARN_STRICT_PROTOTYPES = YES;
				CLANG_WARN_SUSPICIOUS_MOVE = YES;
				CLANG_WARN_UNGUARDED_AVAILABILITY = YES_AGGRESSIVE;
				CLANG_WARN_UNREACHABLE_CODE = YES;
				CLANG_WARN__DUPLICATE_METHOD_MATCH = YES;
				COPY_PHASE_STRIP = NO;
				DEBUG_INFORMATION_FORMAT = dwarf;
				ENABLE_STRICT_OBJC_MSGSEND = YES;
				ENABLE_TESTABILITY = YES;
				GCC_C_LANGUAGE_STANDARD = gnu11;
				GCC_DYNAMIC_NO_PIC = NO;
				GCC_NO_COMMON_BLOCKS = YES;
				GCC_OPTIMIZATION_LEVEL = 0;
				GCC_PREPROCESSOR_DEFINITIONS = (
					"DEBUG=1",
					"$(inherited)",
				);
				GCC_WARN_64_TO_32_BIT_CONVERSION = YES;
				GCC_WARN_ABOUT_RETURN_TYPE = YES_ERROR;
				GCC_WARN_UNDECLARED_SELECTOR = YES;
				GCC_WARN_UNINITIALIZED_AUTOS = YES_AGGRESSIVE;
				GCC_WARN_UNUSED_FUNCTION = YES;
				GCC_WARN_UNUSED_VARIABLE = YES;
				IPHONEOS_DEPLOYMENT_TARGET = 13.0;
				MTL_ENABLE_DEBUG_INFO = INCLUDE_SOURCE;
				MTL_FAST_MATH = YES;
				ONLY_ACTIVE_ARCH = YES;
				SDKROOT = iphoneos;
				SWIFT_ACTIVE_COMPILATION_CONDITIONS = DEBUG;
				SWIFT_OPTIMIZATION_LEVEL = "-Onone";
			};
			name = Debug;
		};
		952C885A249493F400777BAF /* Release */ = {
			isa = XCBuildConfiguration;
			buildSettings = {
				ALWAYS_SEARCH_USER_PATHS = NO;
				CLANG_ANALYZER_NONNULL = YES;
				CLANG_ANALYZER_NUMBER_OBJECT_CONVERSION = YES_AGGRESSIVE;
				CLANG_CXX_LANGUAGE_STANDARD = "gnu++14";
				CLANG_CXX_LIBRARY = "libc++";
				CLANG_ENABLE_MODULES = YES;
				CLANG_ENABLE_OBJC_ARC = YES;
				CLANG_ENABLE_OBJC_WEAK = YES;
				CLANG_WARN_BLOCK_CAPTURE_AUTORELEASING = YES;
				CLANG_WARN_BOOL_CONVERSION = YES;
				CLANG_WARN_COMMA = YES;
				CLANG_WARN_CONSTANT_CONVERSION = YES;
				CLANG_WARN_DEPRECATED_OBJC_IMPLEMENTATIONS = YES;
				CLANG_WARN_DIRECT_OBJC_ISA_USAGE = YES_ERROR;
				CLANG_WARN_DOCUMENTATION_COMMENTS = YES;
				CLANG_WARN_EMPTY_BODY = YES;
				CLANG_WARN_ENUM_CONVERSION = YES;
				CLANG_WARN_INFINITE_RECURSION = YES;
				CLANG_WARN_INT_CONVERSION = YES;
				CLANG_WARN_NON_LITERAL_NULL_CONVERSION = YES;
				CLANG_WARN_OBJC_IMPLICIT_RETAIN_SELF = YES;
				CLANG_WARN_OBJC_LITERAL_CONVERSION = YES;
				CLANG_WARN_OBJC_ROOT_CLASS = YES_ERROR;
				CLANG_WARN_RANGE_LOOP_ANALYSIS = YES;
				CLANG_WARN_STRICT_PROTOTYPES = YES;
				CLANG_WARN_SUSPICIOUS_MOVE = YES;
				CLANG_WARN_UNGUARDED_AVAILABILITY = YES_AGGRESSIVE;
				CLANG_WARN_UNREACHABLE_CODE = YES;
				CLANG_WARN__DUPLICATE_METHOD_MATCH = YES;
				COPY_PHASE_STRIP = NO;
				DEBUG_INFORMATION_FORMAT = "dwarf-with-dsym";
				ENABLE_NS_ASSERTIONS = NO;
				ENABLE_STRICT_OBJC_MSGSEND = YES;
				GCC_C_LANGUAGE_STANDARD = gnu11;
				GCC_NO_COMMON_BLOCKS = YES;
				GCC_WARN_64_TO_32_BIT_CONVERSION = YES;
				GCC_WARN_ABOUT_RETURN_TYPE = YES_ERROR;
				GCC_WARN_UNDECLARED_SELECTOR = YES;
				GCC_WARN_UNINITIALIZED_AUTOS = YES_AGGRESSIVE;
				GCC_WARN_UNUSED_FUNCTION = YES;
				GCC_WARN_UNUSED_VARIABLE = YES;
				IPHONEOS_DEPLOYMENT_TARGET = 13.0;
				MTL_ENABLE_DEBUG_INFO = NO;
				MTL_FAST_MATH = YES;
				SDKROOT = iphoneos;
				SWIFT_COMPILATION_MODE = wholemodule;
				SWIFT_OPTIMIZATION_LEVEL = "-O";
				VALIDATE_PRODUCT = YES;
			};
			name = Release;
		};
		952C885C249493F400777BAF /* Debug */ = {
			isa = XCBuildConfiguration;
			baseConfigurationReference = C9827470B9EE98477CB3B556 /* Pods-FutureTechBlogReader.debug.xcconfig */;
			buildSettings = {
				ASSETCATALOG_COMPILER_APPICON_NAME = AppIcon;
				CODE_SIGN_STYLE = Automatic;
				DEVELOPMENT_TEAM = 55BNLMBTDP;
				INFOPLIST_FILE = "$(SRCROOT)/FutureTechBlogReader/Info.plist";
				IPHONEOS_DEPLOYMENT_TARGET = 13.0;
				LD_RUNPATH_SEARCH_PATHS = (
					"$(inherited)",
					"@executable_path/Frameworks",
				);
				PRODUCT_BUNDLE_IDENTIFIER = FutureTechBlogReader.FutureTechBlogReader;
				PRODUCT_NAME = "$(TARGET_NAME)";
				SWIFT_VERSION = 5.0;
				TARGETED_DEVICE_FAMILY = 1;
			};
			name = Debug;
		};
		952C885D249493F400777BAF /* Release */ = {
			isa = XCBuildConfiguration;
			baseConfigurationReference = CC5331E1E4BBC7ABDA60FBB9 /* Pods-FutureTechBlogReader.release.xcconfig */;
			buildSettings = {
				ASSETCATALOG_COMPILER_APPICON_NAME = AppIcon;
				CODE_SIGN_STYLE = Automatic;
				DEVELOPMENT_TEAM = 55BNLMBTDP;
				INFOPLIST_FILE = "$(SRCROOT)/FutureTechBlogReader/Info.plist";
				IPHONEOS_DEPLOYMENT_TARGET = 13.0;
				LD_RUNPATH_SEARCH_PATHS = (
					"$(inherited)",
					"@executable_path/Frameworks",
				);
				PRODUCT_BUNDLE_IDENTIFIER = FutureTechBlogReader.FutureTechBlogReader;
				PRODUCT_NAME = "$(TARGET_NAME)";
				SWIFT_VERSION = 5.0;
				TARGETED_DEVICE_FAMILY = 1;
			};
			name = Release;
		};
/* End XCBuildConfiguration section */

/* Begin XCConfigurationList section */
		952C882C249493EF00777BAF /* Build configuration list for PBXProject "FutureTechBlogReader" */ = {
			isa = XCConfigurationList;
			buildConfigurations = (
				952C8859249493F400777BAF /* Debug */,
				952C885A249493F400777BAF /* Release */,
			);
			defaultConfigurationIsVisible = 0;
			defaultConfigurationName = Release;
		};
		952C885B249493F400777BAF /* Build configuration list for PBXNativeTarget "FutureTechBlogReader" */ = {
			isa = XCConfigurationList;
			buildConfigurations = (
				952C885C249493F400777BAF /* Debug */,
				952C885D249493F400777BAF /* Release */,
			);
			defaultConfigurationIsVisible = 0;
			defaultConfigurationName = Release;
		};
/* End XCConfigurationList section */
	};
	rootObject = 952C8829249493EF00777BAF /* Project object */;
}
